
Microsoft Visual Studio Solution File, Format Version 12.00
# Visual Studio Version 16
VisualStudioVersion = 16.0.30406.217
MinimumVisualStudioVersion = 10.0.40219.1
Project("{FAE04EC0-301F-11D3-BF4B-00C04F79EFBC}") = "Number guessing game", "Number guessing game\Number guessing game.csproj", "{49173A04-BF77-4E85-B984-D23C6E6DA785}"
EndProject
Global
	GlobalSection(SolutionConfigurationPlatforms) = preSolution
		Debug|Any CPU = Debug|Any CPU
		Release|Any CPU = Release|Any CPU
	EndGlobalSection
	GlobalSection(ProjectConfigurationPlatforms) = postSolution
		{49173A04-BF77-4E85-B984-D23C6E6DA785}.Debug|Any CPU.ActiveCfg = Debug|Any CPU
		{49173A04-BF77-4E85-B984-D23C6E6DA785}.Debug|Any CPU.Build.0 = Debug|Any CPU
		{49173A04-BF77-4E85-B984-D23C6E6DA785}.Release|Any CPU.ActiveCfg = Release|Any CPU
		{49173A04-BF77-4E85-B984-D23C6E6DA785}.Release|Any CPU.Build.0 = Release|Any CPU
	EndGlobalSection
	GlobalSection(SolutionProperties) = preSolution
		HideSolutionNode = FALSE
	EndGlobalSection
	GlobalSection(ExtensibilityGlobals) = postSolution
		SolutionGuid = {36BB6FCC-03DA-48A6-AFA3-0FB62836CEC6}
	EndGlobalSection
EndGlobal
